{
  "originHash" : "3bad76ce0c37dfceb3576111e1d235cd11db90237cee608a53f156f67e4f811e",
  "pins" : [
    {
      "identity" : "sanarkit",
      "kind" : "remoteSourceControl",
      "location" : "https://github.com/MarenTech/SanarKit",
      "state" : {
        "revision" : "f85838e07cc30b3b44fac84dc19faa2f4298e057",
        "version" : "1.1.9"
      }
    }
  ],
  "version" : 3
}
