{
  "originHash" : "eaf37708784bbcc83dd5c6bb9c1b89cd82b52873ae510e8a8bde1bd2732014ed",
  "pins" : [
    {
      "identity" : "sanarkit",
      "kind" : "remoteSourceControl",
      "location" : "https://github.com/MarenTech/SanarKit.git",
      "state" : {
        "revision" : "9c90b4ddfdedaba18ab3635fc307cf5ac92d830f",
        "version" : "1.1.4"
      }
    }
  ],
  "version" : 3
}
